// !$*UTF8*$!
{
	archiveVersion = 1;
	classes = {
	};
	objectVersion = 48;
	objects = {

/* Begin PBXBuildFile section */
		F871AFFD1F8F116900747F6F /* AppDelegate.m in Sources */ = {isa = PBXBuildFile; fileRef = F871AFFC1F8F116900747F6F /* AppDelegate.m */; };
		F871B0001F8F116900747F6F /* ViewController.m in Sources */ = {isa = PBXBuildFile; fileRef = F871AFFF1F8F116900747F6F /* ViewController.m */; };
		F871B0031F8F116900747F6F /* Main.storyboard in Resources */ = {isa = PBXBuildFile; fileRef = F871B0011F8F116900747F6F /* Main.storyboard */; };
		F871B0051F8F116900747F6F /* Assets.xcassets in Resources */ = {isa = PBXBuildFile; fileRef = F871B0041F8F116900747F6F /* Assets.xcassets */; };
		F871B0081F8F116900747F6F /* LaunchScreen.storyboard in Resources */ = {isa = PBXBuildFile; fileRef = F871B0061F8F116900747F6F /* LaunchScreen.storyboard */; };
		F871B00B1F8F116900747F6F /* main.m in Sources */ = {isa = PBXBuildFile; fileRef = F871B00A1F8F116900747F6F /* main.m */; };
/* End PBXBuildFile section */

/* Begin PBXFileReference section */
		F871AFF81F8F116900747F6F /* MySlackTextViewController.app */ = {isa = PBXFileReference; explicitFileType = wrapper.application; includeInIndex = 0; path = MySlackTextViewController.app; sourceTree = BUILT_PRODUCTS_DIR; };
		F871AFFB1F8F116900747F6F /* AppDelegate.h */ = {isa = PBXFileReference; lastKnownFileType = sourcecode.c.h; path = AppDelegate.h; sourceTree = "<group>"; };
		F871AFFC1F8F116900747F6F /* AppDelegate.m */ = {isa = PBXFileReference; lastKnownFileType = sourcecode.c.objc; path = AppDelegate.m; sourceTree = "<group>"; };
		F871AFFE1F8F116900747F6F /* ViewController.h */ = {isa = PBXFileReference; lastKnownFileType = sourcecode.c.h; path = ViewController.h; sourceTree = "<group>"; };
		F871AFFF1F8F116900747F6F /* ViewController.m */ = {isa = PBXFileReference; lastKnownFileType = sourcecode.c.objc; path = ViewController.m; sourceTree = "<group>"; };
		F871B0021F8F116900747F6F /* Base */ = {isa = PBXFileReference; lastKnownFileType = file.storyboard; name = Base; path = Base.lproj/Main.storyboard; sourceTree = "<group>"; };
		F871B0041F8F116900747F6F /* Assets.xcassets */ = {isa = PBXFileReference; lastKnownFileType = folder.assetcatalog; path = Assets.xcassets; sourceTree = "<group>"; };
		F871B0071F8F116900747F6F /* Base */ = {isa = PBXFileReference; lastKnownFileType = file.storyboard; name = Base; path = Base.lproj/LaunchScreen.storyboard; sourceTree = "<group>"; };
		F871B0091F8F116900747F6F /* Info.plist */ = {isa = PBXFileReference; lastKnownFileType = text.plist.xml; path = Info.plist; sourceTree = "<group>"; };
		F871B00A1F8F116900747F6F /* main.m */ = {isa = PBXFileReference; lastKnownFileType = sourcecode.c.objc; path = main.m; sourceTree = "<group>"; };
/* End PBXFileReference section */

/* Begin PBXFrameworksBuildPhase section */
		F871AFF51F8F116900747F6F /* Frameworks */ = {
			isa = PBXFrameworksBuildPhase;
			buildActionMask = 2147483647;
			files = (
			);
			runOnlyForDeploymentPostprocessing = 0;
		};
/* End PBXFrameworksBuildPhase section */

/* Begin PBXGroup section */
		F871AFEF1F8F116800747F6F = {
			isa = PBXGroup;
			children = (
				F871AFFA1F8F116900747F6F /* MySlackTextViewController */,
				F871AFF91F8F116900747F6F /* Products */,
			);
			sourceTree = "<group>";
		};
		F871AFF91F8F116900747F6F /* Products */ = {
			isa = PBXGroup;
			children = (
				F871AFF81F8F116900747F6F /* MySlackTextViewController.app */,
			);
			name = Products;
			sourceTree = "<group>";
		};
		F871AFFA1F8F116900747F6F /* MySlackTextViewController */ = {
			isa = PBXGroup;
			children = (
				F871AFFB1F8F116900747F6F /* AppDelegate.h */,
				F871AFFC1F8F116900747F6F /* AppDelegate.m */,
				F871AFFE1F8F116900747F6F /* ViewController.h */,
				F871AFFF1F8F116900747F6F /* ViewController.m */,
				F871B0011F8F116900747F6F /* Main.storyboard */,
				F871B0041F8F116900747F6F /* Assets.xcassets */,
				F871B0061F8F116900747F6F /* LaunchScreen.storyboard */,
				F871B0091F8F116900747F6F /* Info.plist */,
				F871B00A1F8F116900747F6F /* main.m */,
			);
			path = MySlackTextViewController;
			sourceTree = "<group>";
		};
/* End PBXGroup section */

/* Begin PBXNativeTarget section */
		F871AFF71F8F116900747F6F /* MySlackTextViewController */ = {
			isa = PBXNativeTarget;
			buildConfigurationList = F871B00E1F8F116900747F6F /* Build configuration list for PBXNativeTarget "MySlackTextViewController" */;
			buildPhases = (
				F871AFF41F8F116900747F6F /* Sources */,
				F871AFF51F8F116900747F6F /* Frameworks */,
				F871AFF61F8F116900747F6F /* Resources */,
			);
			buildRules = (
			);
			dependencies = (
			);
			name = MySlackTextViewController;
			productName = MySlackTextViewController;
			productReference = F871AFF81F8F116900747F6F /* MySlackTextViewController.app */;
			productType = "com.apple.product-type.application";
		};
/* End PBXNativeTarget section */

/* Begin PBXProject section */
		F871AFF01F8F116800747F6F /* Project object */ = {
			isa = PBXProject;
			attributes = {
				LastUpgradeCheck = 0900;
				ORGANIZATIONNAME = sai;
				TargetAttributes = {
					F871AFF71F8F116900747F6F = {
						CreatedOnToolsVersion = 9.0;
						ProvisioningStyle = Automatic;
					};
				};
			};
			buildConfigurationList = F871AFF31F8F116800747F6F /* Build configuration list for PBXProject "MySlackTextViewController" */;
			compatibilityVersion = "Xcode 8.0";
			developmentRegion = en;
			hasScannedForEncodings = 0;
			knownRegions = (
				en,
				Base,
			);
			mainGroup = F871AFEF1F8F116800747F6F;
			productRefGroup = F871AFF91F8F116900747F6F /* Products */;
			projectDirPath = "";
			projectRoot = "";
			targets = (
				F871AFF71F8F116900747F6F /* MySlackTextViewController */,
			);
		};
/* End PBXProject section */

/* Begin PBXResourcesBuildPhase section */
		F871AFF61F8F116900747F6F /* Resources */ = {
			isa = PBXResourcesBuildPhase;
			buildActionMask = 2147483647;
			files = (
				F871B0081F8F116900747F6F /* LaunchScreen.storyboard in Resources */,
				F871B0051F8F116900747F6F /* Assets.xcassets in Resources */,
				F871B0031F8F116900747F6F /* Main.storyboard in Resources */,
			);
			runOnlyForDeploymentPostprocessing = 0;
		};
/* End PBXResourcesBuildPhase section */

/* Begin PBXSourcesBuildPhase section */
		F871AFF41F8F116900747F6F /* Sources */ = {
			isa = PBXSourcesBuildPhase;
			buildActionMask = 2147483647;
			files = (
				F871B0001F8F116900747F6F /* ViewController.m in Sources */,
				F871B00B1F8F116900747F6F /* main.m in Sources */,
				F871AFFD1F8F116900747F6F /* AppDelegate.m in Sources */,
			);
			runOnlyForDeploymentPostprocessing = 0;
		};
/* End PBXSourcesBuildPhase section */

/* Begin PBXVariantGroup section */
		F871B0011F8F116900747F6F /* Main.storyboard */ = {
			isa = PBXVariantGroup;
			children = (
				F871B0021F8F116900747F6F /* Base */,
			);
			name = Main.storyboard;
			sourceTree = "<group>";
		};
		F871B0061F8F116900747F6F /* LaunchScreen.storyboard */ = {
			isa = PBXVariantGroup;
			children = (
				F871B0071F8F116900747F6F /* Base */,
			);
			name = LaunchScreen.storyboard;
			sourceTree = "<group>";
		};
/* End PBXVariantGroup section */

/* Begin XCBuildConfiguration section */
		F871B00C1F8F116900747F6F /* Debug */ = {
			isa = XCBuildConfiguration;
			buildSettings = {
				ALWAYS_SEARCH_USER_PATHS = NO;
				CLANG_ANALYZER_NONNULL = YES;
				CLANG_ANALYZER_NUMBER_OBJECT_CONVERSION = YES_AGGRESSIVE;
				CLANG_CXX_LANGUAGE_STANDARD = "gnu++14";
				CLANG_CXX_LIBRARY = "libc++";
				CLANG_ENABLE_MODULES = YES;
				CLANG_ENABLE_OBJC_ARC = YES;
				CLANG_WARN_BLOCK_CAPTURE_AUTORELEASING = YES;
				CLANG_WARN_BOOL_CONVERSION = YES;
				CLANG_WARN_COMMA = YES;
				CLANG_WARN_CONSTANT_CONVERSION = YES;
				CLANG_WARN_DIRECT_OBJC_ISA_USAGE = YES_ERROR;
				CLANG_WARN_DOCUMENTATION_COMMENTS = YES;
				CLANG_WARN_EMPTY_BODY = YES;
				CLANG_WARN_ENUM_CONVERSION = YES;
				CLANG_WARN_INFINITE_RECURSION = YES;
				CLANG_WARN_INT_CONVERSION = YES;
				CLANG_WARN_NON_LITERAL_NULL_CONVERSION = YES;
				CLANG_WARN_OBJC_LITERAL_CONVERSION = YES;
				CLANG_WARN_OBJC_ROOT_CLASS = YES_ERROR;
				CLANG_WARN_RANGE_LOOP_ANALYSIS = YES;
				CLANG_WARN_STRICT_PROTOTYPES = YES;
				CLANG_WARN_SUSPICIOUS_MOVE = YES;
				CLANG_WARN_UNGUARDED_AVAILABILITY = YES_AGGRESSIVE;
				CLANG_WARN_UNREACHABLE_CODE = YES;
				CLANG_WARN__DUPLICATE_METHOD_MATCH = YES;
				CODE_SIGN_IDENTITY = "iPhone Developer";
				COPY_PHASE_STRIP = NO;
				DEBUG_INFORMATION_FORMAT = dwarf;
				ENABLE_STRICT_OBJC_MSGSEND = YES;
				ENABLE_TESTABILITY = YES;
				GCC_C_LANGUAGE_STANDARD = gnu11;
				GCC_DYNAMIC_NO_PIC = NO;
				GCC_NO_COMMON_BLOCKS = YES;
				GCC_OPTIMIZATION_LEVEL = 0;
				GCC_PREPROCESSOR_DEFINITIONS = (
					"DEBUG=1",
					"$(inherited)",
				);
				GCC_WARN_64_TO_32_BIT_CONVERSION = YES;
				GCC_WARN_ABOUT_RETURN_TYPE = YES_ERROR;
				GCC_WARN_UNDECLARED_SELECTOR = YES;
				GCC_WARN_UNINITIALIZED_AUTOS = YES_AGGRESSIVE;
				GCC_WARN_UNUSED_FUNCTION = YES;
				GCC_WARN_UNUSED_VARIABLE = YES;
				IPHONEOS_DEPLOYMENT_TARGET = 11.0;
				MTL_ENABLE_DEBUG_INFO = YES;
				ONLY_ACTIVE_ARCH = YES;
				SDKROOT = iphoneos;
			};
			name = Debug;
		};
		F871B00D1F8F116900747F6F /* Release */ = {
			isa = XCBuildConfiguration;
			buildSettings = {
				ALWAYS_SEARCH_USER_PATHS = NO;
				CLANG_ANALYZER_NONNULL = YES;
				CLANG_ANALYZER_NUMBER_OBJECT_CONVERSION = YES_AGGRESSIVE;
				CLANG_CXX_LANGUAGE_STANDARD = "gnu++14";
				CLANG_CXX_LIBRARY = "libc++";
				CLANG_ENABLE_MODULES = YES;
				CLANG_ENABLE_OBJC_ARC = YES;
				CLANG_WARN_BLOCK_CAPTURE_AUTORELEASING = YES;
				CLANG_WARN_BOOL_CONVERSION = YES;
				CLANG_WARN_COMMA = YES;
				CLANG_WARN_CONSTANT_CONVERSION = YES;
				CLANG_WARN_DIRECT_OBJC_ISA_USAGE = YES_ERROR;
				CLANG_WARN_DOCUMENTATION_COMMENTS = YES;
				CLANG_WARN_EMPTY_BODY = YES;
				CLANG_WARN_ENUM_CONVERSION = YES;
				CLANG_WARN_INFINITE_RECURSION = YES;
				CLANG_WARN_INT_CONVERSION = YES;
				CLANG_WARN_NON_LITERAL_NULL_CONVERSION = YES;
				CLANG_WARN_OBJC_LITERAL_CONVERSION = YES;
				CLANG_WARN_OBJC_ROOT_CLASS = YES_ERROR;
				CLANG_WARN_RANGE_LOOP_ANALYSIS = YES;
				CLANG_WARN_STRICT_PROTOTYPES = YES;
				CLANG_WARN_SUSPICIOUS_MOVE = YES;
				CLANG_WARN_UNGUARDED_AVAILABILITY = YES_AGGRESSIVE;
				CLANG_WARN_UNREACHABLE_CODE = YES;
				CLANG_WARN__DUPLICATE_METHOD_MATCH = YES;
				CODE_SIGN_IDENTITY = "iPhone Developer";
				COPY_PHASE_STRIP = NO;
				DEBUG_INFORMATION_FORMAT = "dwarf-with-dsym";
				ENABLE_NS_ASSERTIONS = NO;
				ENABLE_STRICT_OBJC_MSGSEND = YES;
				GCC_C_LANGUAGE_STANDARD = gnu11;
				GCC_NO_COMMON_BLOCKS = YES;
				GCC_WARN_64_TO_32_BIT_CONVERSION = YES;
				GCC_WARN_ABOUT_RETURN_TYPE = YES_ERROR;
				GCC_WARN_UNDECLARED_SELECTOR = YES;
				GCC_WARN_UNINITIALIZED_AUTOS = YES_AGGRESSIVE;
				GCC_WARN_UNUSED_FUNCTION = YES;
				GCC_WARN_UNUSED_VARIABLE = YES;
				IPHONEOS_DEPLOYMENT_TARGET = 11.0;
				MTL_ENABLE_DEBUG_INFO = NO;
				SDKROOT = iphoneos;
				VALIDATE_PRODUCT = YES;
			};
			name = Release;
		};
		F871B00F1F8F116900747F6F /* Debug */ = {
			isa = XCBuildConfiguration;
			buildSettings = {
				ASSETCATALOG_COMPILER_APPICON_NAME = AppIcon;
				CODE_SIGN_STYLE = Automatic;
				DEVELOPMENT_TEAM = 47793U9PJ9;
				INFOPLIST_FILE = MySlackTextViewController/Info.plist;
				LD_RUNPATH_SEARCH_PATHS = "$(inherited) @executable_path/Frameworks";
				PRODUCT_BUNDLE_IDENTIFIER = com.sai.MySlackTextViewController;
				PRODUCT_NAME = "$(TARGET_NAME)";
				TARGETED_DEVICE_FAMILY = "1,2";
			};
			name = Debug;
		};
		F871B0101F8F116900747F6F /* Release */ = {
			isa = XCBuildConfiguration;
			buildSettings = {
				ASSETCATALOG_COMPILER_APPICON_NAME = AppIcon;
				CODE_SIGN_STYLE = Automatic;
				DEVELOPMENT_TEAM = 47793U9PJ9;
				INFOPLIST_FILE = MySlackTextViewController/Info.plist;
				LD_RUNPATH_SEARCH_PATHS = "$(inherited) @executable_path/Frameworks";
				PRODUCT_BUNDLE_IDENTIFIER = com.sai.MySlackTextViewController;
				PRODUCT_NAME = "$(TARGET_NAME)";
				TARGETED_DEVICE_FAMILY = "1,2";
			};
			name = Release;
		};
/* End XCBuildConfiguration section */

/* Begin XCConfigurationList section */
		F871AFF31F8F116800747F6F /* Build configuration list for PBXProject "MySlackTextViewController" */ = {
			isa = XCConfigurationList;
			buildConfigurations = (
				F871B00C1F8F116900747F6F /* Debug */,
				F871B00D1F8F116900747F6F /* Release */,
			);
			defaultConfigurationIsVisible = 0;
			defaultConfigurationName = Release;
		};
		F871B00E1F8F116900747F6F /* Build configuration list for PBXNativeTarget "MySlackTextViewController" */ = {
			isa = XCConfigurationList;
			buildConfigurations = (
				F871B00F1F8F116900747F6F /* Debug */,
				F871B0101F8F116900747F6F /* Release */,
			);
			defaultConfigurationIsVisible = 0;
			defaultConfigurationName = Release;
		};
/* End XCConfigurationList section */
	};
	rootObject = F871AFF01F8F116800747F6F /* Project object */;
}
